
Microsoft Visual Studio Solution File, Format Version 12.00
# Visual Studio Version 17
VisualStudioVersion = 17.9.34616.47
MinimumVisualStudioVersion = 10.0.40219.1
Project("{9A19103F-16F7-4668-BE54-9A1E7A4F7556}") = "BetterClip", "BetterClip\BetterClip.csproj", "{B8FD423D-B19B-4BC5-8AB2-763F206211F0}"
EndProject
Project("{FAE04EC0-301F-11D3-BF4B-00C04F79EFBC}") = "ConsoleApp1", "ConsoleApp1\ConsoleApp1.csproj", "{29FE07FA-FC08-44B4-961F-8EF0671EE3C3}"
EndProject
Project("{2150E333-8FDC-42A3-9474-1A3956D46DE8}") = "解决方案项", "解决方案项", "{B9B7D29F-3D6D-4E0C-9D0E-544E2ECE9FF0}"
	ProjectSection(SolutionItems) = preProject
		develop.md = develop.md
		..\README.md = ..\README.md
	EndProjectSection
EndProject
Global
	GlobalSection(SolutionConfigurationPlatforms) = preSolution
		Debug|Any CPU = Debug|Any CPU
		Release|Any CPU = Release|Any CPU
	EndGlobalSection
	GlobalSection(ProjectConfigurationPlatforms) = postSolution
		{B8FD423D-B19B-4BC5-8AB2-763F206211F0}.Debug|Any CPU.ActiveCfg = Debug|Any CPU
		{B8FD423D-B19B-4BC5-8AB2-763F206211F0}.Debug|Any CPU.Build.0 = Debug|Any CPU
		{B8FD423D-B19B-4BC5-8AB2-763F206211F0}.Release|Any CPU.ActiveCfg = Release|Any CPU
		{B8FD423D-B19B-4BC5-8AB2-763F206211F0}.Release|Any CPU.Build.0 = Release|Any CPU
		{29FE07FA-FC08-44B4-961F-8EF0671EE3C3}.Debug|Any CPU.ActiveCfg = Debug|Any CPU
		{29FE07FA-FC08-44B4-961F-8EF0671EE3C3}.Debug|Any CPU.Build.0 = Debug|Any CPU
		{29FE07FA-FC08-44B4-961F-8EF0671EE3C3}.Release|Any CPU.ActiveCfg = Release|Any CPU
		{29FE07FA-FC08-44B4-961F-8EF0671EE3C3}.Release|Any CPU.Build.0 = Release|Any CPU
	EndGlobalSection
	GlobalSection(SolutionProperties) = preSolution
		HideSolutionNode = FALSE
	EndGlobalSection
	GlobalSection(ExtensibilityGlobals) = postSolution
		SolutionGuid = {403BDFF8-F6F6-4F38-A2AF-F1B7D1647FB2}
	EndGlobalSection
EndGlobal
